
Microsoft Visual Studio Solution File, Format Version 12.00
# Visual Studio Version 17
VisualStudioVersion = 17.2.32630.192
MinimumVisualStudioVersion = 10.0.40219.1
Project("{FAE04EC0-301F-11D3-BF4B-00C04F79EFBC}") = "UnitTestApp", "UnitTestApp\UnitTestApp.csproj", "{9C3AA357-A309-4B7A-B44D-46E6B486027E}"
EndProject
Project("{FAE04EC0-301F-11D3-BF4B-00C04F79EFBC}") = "UnitTest.Test", "UnitTest.Test\UnitTest.Test.csproj", "{F0C71129-C263-4FD9-9A63-2B0B6B48D64F}"
EndProject
Global
	GlobalSection(SolutionConfigurationPlatforms) = preSolution
		Debug|Any CPU = Debug|Any CPU
		Release|Any CPU = Release|Any CPU
	EndGlobalSection
	GlobalSection(ProjectConfigurationPlatforms) = postSolution
		{9C3AA357-A309-4B7A-B44D-46E6B486027E}.Debug|Any CPU.ActiveCfg = Debug|Any CPU
		{9C3AA357-A309-4B7A-B44D-46E6B486027E}.Debug|Any CPU.Build.0 = Debug|Any CPU
		{9C3AA357-A309-4B7A-B44D-46E6B486027E}.Release|Any CPU.ActiveCfg = Release|Any CPU
		{9C3AA357-A309-4B7A-B44D-46E6B486027E}.Release|Any CPU.Build.0 = Release|Any CPU
		{F0C71129-C263-4FD9-9A63-2B0B6B48D64F}.Debug|Any CPU.ActiveCfg = Debug|Any CPU
		{F0C71129-C263-4FD9-9A63-2B0B6B48D64F}.Debug|Any CPU.Build.0 = Debug|Any CPU
		{F0C71129-C263-4FD9-9A63-2B0B6B48D64F}.Release|Any CPU.ActiveCfg = Release|Any CPU
		{F0C71129-C263-4FD9-9A63-2B0B6B48D64F}.Release|Any CPU.Build.0 = Release|Any CPU
	EndGlobalSection
	GlobalSection(SolutionProperties) = preSolution
		HideSolutionNode = FALSE
	EndGlobalSection
	GlobalSection(ExtensibilityGlobals) = postSolution
		SolutionGuid = {B1C9BE57-DF9A-4677-8DB1-C032ABEAA789}
	EndGlobalSection
EndGlobal
